// !$*UTF8*$!
{
	archiveVersion = 1;
	classes = {
	};
	objectVersion = 51;
	objects = {

/* Begin PBXBuildFile section */
		6F13891723E79D6900D69178 /* MovieGridViewController.swift in Sources */ = {isa = PBXBuildFile; fileRef = 6F13891623E79D6900D69178 /* MovieGridViewController.swift */; };
		6F13891923E7C07600D69178 /* MovieGridCell.swift in Sources */ = {isa = PBXBuildFile; fileRef = 6F13891823E7C07600D69178 /* MovieGridCell.swift */; };
		6F30E02823E5430700B68355 /* MovieDetailsViewController.swift in Sources */ = {isa = PBXBuildFile; fileRef = 6F30E02723E5430700B68355 /* MovieDetailsViewController.swift */; };
		6F60276523DCE59800D85161 /* MovieCell.swift in Sources */ = {isa = PBXBuildFile; fileRef = 6F60276423DCE59800D85161 /* MovieCell.swift */; };
		6FEEF9D923D9109700A2C477 /* AppDelegate.swift in Sources */ = {isa = PBXBuildFile; fileRef = 6FEEF9D823D9109700A2C477 /* AppDelegate.swift */; };
		6FEEF9DB23D9109700A2C477 /* SceneDelegate.swift in Sources */ = {isa = PBXBuildFile; fileRef = 6FEEF9DA23D9109700A2C477 /* SceneDelegate.swift */; };
		6FEEF9DD23D9109700A2C477 /* ViewController.swift in Sources */ = {isa = PBXBuildFile; fileRef = 6FEEF9DC23D9109700A2C477 /* ViewController.swift */; };
		6FEEF9E023D9109700A2C477 /* Main.storyboard in Resources */ = {isa = PBXBuildFile; fileRef = 6FEEF9DE23D9109700A2C477 /* Main.storyboard */; };
		6FEEF9E223D9109900A2C477 /* Assets.xcassets in Resources */ = {isa = PBXBuildFile; fileRef = 6FEEF9E123D9109900A2C477 /* Assets.xcassets */; };
		6FEEF9E523D9109900A2C477 /* LaunchScreen.storyboard in Resources */ = {isa = PBXBuildFile; fileRef = 6FEEF9E323D9109900A2C477 /* LaunchScreen.storyboard */; };
		6FEEF9F023D9109900A2C477 /* FlixTests.swift in Sources */ = {isa = PBXBuildFile; fileRef = 6FEEF9EF23D9109900A2C477 /* FlixTests.swift */; };
		6FEEF9FB23D9109900A2C477 /* FlixUITests.swift in Sources */ = {isa = PBXBuildFile; fileRef = 6FEEF9FA23D9109900A2C477 /* FlixUITests.swift */; };
		6FEEFA0923D9156B00A2C477 /* MoviesViewController.swift in Sources */ = {isa = PBXBuildFile; fileRef = 6FEEFA0823D9156B00A2C477 /* MoviesViewController.swift */; };
		C68052257383BCF157D86653 /* Pods_Flix_FlixUITests.framework in Frameworks */ = {isa = PBXBuildFile; fileRef = 5C511CBD5450ED74C122F4C5 /* Pods_Flix_FlixUITests.framework */; };
		CC51210AEBAAA4E82F9E84CB /* Pods_FlixTests.framework in Frameworks */ = {isa = PBXBuildFile; fileRef = EB5423BA37A6CC4CD69659B8 /* Pods_FlixTests.framework */; };
		E89E9F30B9C5B70A18123CF2 /* Pods_Flix.framework in Frameworks */ = {isa = PBXBuildFile; fileRef = BD628A8A9BFC13F6A52E088C /* Pods_Flix.framework */; };
/* End PBXBuildFile section */

/* Begin PBXContainerItemProxy section */
		6FEEF9EC23D9109900A2C477 /* PBXContainerItemProxy */ = {
			isa = PBXContainerItemProxy;
			containerPortal = 6FEEF9CD23D9109700A2C477 /* Project object */;
			proxyType = 1;
			remoteGlobalIDString = 6FEEF9D423D9109700A2C477;
			remoteInfo = Flix;
		};
		6FEEF9F723D9109900A2C477 /* PBXContainerItemProxy */ = {
			isa = PBXContainerItemProxy;
			containerPortal = 6FEEF9CD23D9109700A2C477 /* Project object */;
			proxyType = 1;
			remoteGlobalIDString = 6FEEF9D423D9109700A2C477;
			remoteInfo = Flix;
		};
/* End PBXContainerItemProxy section */

/* Begin PBXFileReference section */
		374E9A2E82B1A1AD59B872F0 /* Pods-Flix-FlixUITests.debug.xcconfig */ = {isa = PBXFileReference; includeInIndex = 1; lastKnownFileType = text.xcconfig; name = "Pods-Flix-FlixUITests.debug.xcconfig"; path = "Target Support Files/Pods-Flix-FlixUITests/Pods-Flix-FlixUITests.debug.xcconfig"; sourceTree = "<group>"; };
		5A706CC4790C6ED37F2D5FFB /* Pods-FlixTests.debug.xcconfig */ = {isa = PBXFileReference; includeInIndex = 1; lastKnownFileType = text.xcconfig; name = "Pods-FlixTests.debug.xcconfig"; path = "Target Support Files/Pods-FlixTests/Pods-FlixTests.debug.xcconfig"; sourceTree = "<group>"; };
		5C511CBD5450ED74C122F4C5 /* Pods_Flix_FlixUITests.framework */ = {isa = PBXFileReference; explicitFileType = wrapper.framework; includeInIndex = 0; path = Pods_Flix_FlixUITests.framework; sourceTree = BUILT_PRODUCTS_DIR; };
		6F13891623E79D6900D69178 /* MovieGridViewController.swift */ = {isa = PBXFileReference; lastKnownFileType = sourcecode.swift; path = MovieGridViewController.swift; sourceTree = "<group>"; };
		6F13891823E7C07600D69178 /* MovieGridCell.swift */ = {isa = PBXFileReference; lastKnownFileType = sourcecode.swift; path = MovieGridCell.swift; sourceTree = "<group>"; };
		6F30E02723E5430700B68355 /* MovieDetailsViewController.swift */ = {isa = PBXFileReference; lastKnownFileType = sourcecode.swift; path = MovieDetailsViewController.swift; sourceTree = "<group>"; };
		6F60276423DCE59800D85161 /* MovieCell.swift */ = {isa = PBXFileReference; lastKnownFileType = sourcecode.swift; path = MovieCell.swift; sourceTree = "<group>"; };
		6FEEF9D523D9109700A2C477 /* Flix.app */ = {isa = PBXFileReference; explicitFileType = wrapper.application; includeInIndex = 0; path = Flix.app; sourceTree = BUILT_PRODUCTS_DIR; };
		6FEEF9D823D9109700A2C477 /* AppDelegate.swift */ = {isa = PBXFileReference; lastKnownFileType = sourcecode.swift; path = AppDelegate.swift; sourceTree = "<group>"; };
		6FEEF9DA23D9109700A2C477 /* SceneDelegate.swift */ = {isa = PBXFileReference; lastKnownFileType = sourcecode.swift; path = SceneDelegate.swift; sourceTree = "<group>"; };
		6FEEF9DC23D9109700A2C477 /* ViewController.swift */ = {isa = PBXFileReference; lastKnownFileType = sourcecode.swift; path = ViewController.swift; sourceTree = "<group>"; };
		6FEEF9DF23D9109700A2C477 /* Base */ = {isa = PBXFileReference; lastKnownFileType = file.storyboard; name = Base; path = Base.lproj/Main.storyboard; sourceTree = "<group>"; };
		6FEEF9E123D9109900A2C477 /* Assets.xcassets */ = {isa = PBXFileReference; lastKnownFileType = folder.assetcatalog; path = Assets.xcassets; sourceTree = "<group>"; };
		6FEEF9E423D9109900A2C477 /* Base */ = {isa = PBXFileReference; lastKnownFileType = file.storyboard; name = Base; path = Base.lproj/LaunchScreen.storyboard; sourceTree = "<group>"; };
		6FEEF9E623D9109900A2C477 /* Info.plist */ = {isa = PBXFileReference; lastKnownFileType = text.plist.xml; path = Info.plist; sourceTree = "<group>"; };
		6FEEF9EB23D9109900A2C477 /* FlixTests.xctest */ = {isa = PBXFileReference; explicitFileType = wrapper.cfbundle; includeInIndex = 0; path = FlixTests.xctest; sourceTree = BUILT_PRODUCTS_DIR; };
		6FEEF9EF23D9109900A2C477 /* FlixTests.swift */ = {isa = PBXFileReference; lastKnownFileType = sourcecode.swift; path = FlixTests.swift; sourceTree = "<group>"; };
		6FEEF9F123D9109900A2C477 /* Info.plist */ = {isa = PBXFileReference; lastKnownFileType = text.plist.xml; path = Info.plist; sourceTree = "<group>"; };
		6FEEF9F623D9109900A2C477 /* FlixUITests.xctest */ = {isa = PBXFileReference; explicitFileType = wrapper.cfbundle; includeInIndex = 0; path = FlixUITests.xctest; sourceTree = BUILT_PRODUCTS_DIR; };
		6FEEF9FA23D9109900A2C477 /* FlixUITests.swift */ = {isa = PBXFileReference; lastKnownFileType = sourcecode.swift; path = FlixUITests.swift; sourceTree = "<group>"; };
		6FEEF9FC23D9109900A2C477 /* Info.plist */ = {isa = PBXFileReference; lastKnownFileType = text.plist.xml; path = Info.plist; sourceTree = "<group>"; };
		6FEEFA0823D9156B00A2C477 /* MoviesViewController.swift */ = {isa = PBXFileReference; lastKnownFileType = sourcecode.swift; path = MoviesViewController.swift; sourceTree = "<group>"; };
		73383F7AA45C5AD7B4CFB7A8 /* Pods-Flix-FlixUITests.release.xcconfig */ = {isa = PBXFileReference; includeInIndex = 1; lastKnownFileType = text.xcconfig; name = "Pods-Flix-FlixUITests.release.xcconfig"; path = "Target Support Files/Pods-Flix-FlixUITests/Pods-Flix-FlixUITests.release.xcconfig"; sourceTree = "<group>"; };
		B0DDFFE671628029362AA481 /* Pods-FlixTests.release.xcconfig */ = {isa = PBXFileReference; includeInIndex = 1; lastKnownFileType = text.xcconfig; name = "Pods-FlixTests.release.xcconfig"; path = "Target Support Files/Pods-FlixTests/Pods-FlixTests.release.xcconfig"; sourceTree = "<group>"; };
		B8A3305B66A0392B00154E66 /* Pods-Flix.debug.xcconfig */ = {isa = PBXFileReference; includeInIndex = 1; lastKnownFileType = text.xcconfig; name = "Pods-Flix.debug.xcconfig"; path = "Target Support Files/Pods-Flix/Pods-Flix.debug.xcconfig"; sourceTree = "<group>"; };
		BD628A8A9BFC13F6A52E088C /* Pods_Flix.framework */ = {isa = PBXFileReference; explicitFileType = wrapper.framework; includeInIndex = 0; path = Pods_Flix.framework; sourceTree = BUILT_PRODUCTS_DIR; };
		E4E4046B9D1ADF5EA9EDDE2B /* Pods-Flix.release.xcconfig */ = {isa = PBXFileReference; includeInIndex = 1; lastKnownFileType = text.xcconfig; name = "Pods-Flix.release.xcconfig"; path = "Target Support Files/Pods-Flix/Pods-Flix.release.xcconfig"; sourceTree = "<group>"; };
		EB5423BA37A6CC4CD69659B8 /* Pods_FlixTests.framework */ = {isa = PBXFileReference; explicitFileType = wrapper.framework; includeInIndex = 0; path = Pods_FlixTests.framework; sourceTree = BUILT_PRODUCTS_DIR; };
/* End PBXFileReference section */

/* Begin PBXFrameworksBuildPhase section */
		6FEEF9D223D9109700A2C477 /* Frameworks */ = {
			isa = PBXFrameworksBuildPhase;
			buildActionMask = 2147483647;
			files = (
				E89E9F30B9C5B70A18123CF2 /* Pods_Flix.framework in Frameworks */,
			);
			runOnlyForDeploymentPostprocessing = 0;
		};
		6FEEF9E823D9109900A2C477 /* Frameworks */ = {
			isa = PBXFrameworksBuildPhase;
			buildActionMask = 2147483647;
			files = (
				CC51210AEBAAA4E82F9E84CB /* Pods_FlixTests.framework in Frameworks */,
			);
			runOnlyForDeploymentPostprocessing = 0;
		};
		6FEEF9F323D9109900A2C477 /* Frameworks */ = {
			isa = PBXFrameworksBuildPhase;
			buildActionMask = 2147483647;
			files = (
				C68052257383BCF157D86653 /* Pods_Flix_FlixUITests.framework in Frameworks */,
			);
			runOnlyForDeploymentPostprocessing = 0;
		};
/* End PBXFrameworksBuildPhase section */

/* Begin PBXGroup section */
		00F2EB9ACF9A6039AE717B58 /* Pods */ = {
			isa = PBXGroup;
			children = (
				B8A3305B66A0392B00154E66 /* Pods-Flix.debug.xcconfig */,
				E4E4046B9D1ADF5EA9EDDE2B /* Pods-Flix.release.xcconfig */,
				374E9A2E82B1A1AD59B872F0 /* Pods-Flix-FlixUITests.debug.xcconfig */,
				73383F7AA45C5AD7B4CFB7A8 /* Pods-Flix-FlixUITests.release.xcconfig */,
				5A706CC4790C6ED37F2D5FFB /* Pods-FlixTests.debug.xcconfig */,
				B0DDFFE671628029362AA481 /* Pods-FlixTests.release.xcconfig */,
			);
			path = Pods;
			sourceTree = "<group>";
		};
		6FEEF9CC23D9109700A2C477 = {
			isa = PBXGroup;
			children = (
				6FEEF9D723D9109700A2C477 /* Flix */,
				6FEEF9EE23D9109900A2C477 /* FlixTests */,
				6FEEF9F923D9109900A2C477 /* FlixUITests */,
				6FEEF9D623D9109700A2C477 /* Products */,
				00F2EB9ACF9A6039AE717B58 /* Pods */,
				8CD641AC17CB6017D3FB1AA5 /* Frameworks */,
			);
			sourceTree = "<group>";
		};
		6FEEF9D623D9109700A2C477 /* Products */ = {
			isa = PBXGroup;
			children = (
				6FEEF9D523D9109700A2C477 /* Flix.app */,
				6FEEF9EB23D9109900A2C477 /* FlixTests.xctest */,
				6FEEF9F623D9109900A2C477 /* FlixUITests.xctest */,
			);
			name = Products;
			sourceTree = "<group>";
		};
		6FEEF9D723D9109700A2C477 /* Flix */ = {
			isa = PBXGroup;
			children = (
				6FEEF9D823D9109700A2C477 /* AppDelegate.swift */,
				6FEEF9DA23D9109700A2C477 /* SceneDelegate.swift */,
				6FEEF9DC23D9109700A2C477 /* ViewController.swift */,
				6FEEF9DE23D9109700A2C477 /* Main.storyboard */,
				6F13891823E7C07600D69178 /* MovieGridCell.swift */,
				6F13891623E79D6900D69178 /* MovieGridViewController.swift */,
				6F30E02723E5430700B68355 /* MovieDetailsViewController.swift */,
				6FEEF9E123D9109900A2C477 /* Assets.xcassets */,
				6FEEF9E323D9109900A2C477 /* LaunchScreen.storyboard */,
				6FEEF9E623D9109900A2C477 /* Info.plist */,
				6FEEFA0823D9156B00A2C477 /* MoviesViewController.swift */,
				6F60276423DCE59800D85161 /* MovieCell.swift */,
			);
			path = Flix;
			sourceTree = "<group>";
		};
		6FEEF9EE23D9109900A2C477 /* FlixTests */ = {
			isa = PBXGroup;
			children = (
				6FEEF9EF23D9109900A2C477 /* FlixTests.swift */,
				6FEEF9F123D9109900A2C477 /* Info.plist */,
			);
			path = FlixTests;
			sourceTree = "<group>";
		};
		6FEEF9F923D9109900A2C477 /* FlixUITests */ = {
			isa = PBXGroup;
			children = (
				6FEEF9FA23D9109900A2C477 /* FlixUITests.swift */,
				6FEEF9FC23D9109900A2C477 /* Info.plist */,
			);
			path = FlixUITests;
			sourceTree = "<group>";
		};
		8CD641AC17CB6017D3FB1AA5 /* Frameworks */ = {
			isa = PBXGroup;
			children = (
				BD628A8A9BFC13F6A52E088C /* Pods_Flix.framework */,
				5C511CBD5450ED74C122F4C5 /* Pods_Flix_FlixUITests.framework */,
				EB5423BA37A6CC4CD69659B8 /* Pods_FlixTests.framework */,
			);
			name = Frameworks;
			sourceTree = "<group>";
		};
/* End PBXGroup section */

/* Begin PBXNativeTarget section */
		6FEEF9D423D9109700A2C477 /* Flix */ = {
			isa = PBXNativeTarget;
			buildConfigurationList = 6FEEF9FF23D9109900A2C477 /* Build configuration list for PBXNativeTarget "Flix" */;
			buildPhases = (
				5BDDA49EF841AC92D3858524 /* [CP] Check Pods Manifest.lock */,
				6FEEF9D123D9109700A2C477 /* Sources */,
				6FEEF9D223D9109700A2C477 /* Frameworks */,
				6FEEF9D323D9109700A2C477 /* Resources */,
				127833461F4A0EF62B7A74A1 /* [CP] Embed Pods Frameworks */,
			);
			buildRules = (
			);
			dependencies = (
			);
			name = Flix;
			productName = Flix;
			productReference = 6FEEF9D523D9109700A2C477 /* Flix.app */;
			productType = "com.apple.product-type.application";
		};
		6FEEF9EA23D9109900A2C477 /* FlixTests */ = {
			isa = PBXNativeTarget;
			buildConfigurationList = 6FEEFA0223D9109900A2C477 /* Build configuration list for PBXNativeTarget "FlixTests" */;
			buildPhases = (
				CFDC8569BFD1CF57C7EC3A1C /* [CP] Check Pods Manifest.lock */,
				6FEEF9E723D9109900A2C477 /* Sources */,
				6FEEF9E823D9109900A2C477 /* Frameworks */,
				6FEEF9E923D9109900A2C477 /* Resources */,
			);
			buildRules = (
			);
			dependencies = (
				6FEEF9ED23D9109900A2C477 /* PBXTargetDependency */,
			);
			name = FlixTests;
			productName = FlixTests;
			productReference = 6FEEF9EB23D9109900A2C477 /* FlixTests.xctest */;
			productType = "com.apple.product-type.bundle.unit-test";
		};
		6FEEF9F523D9109900A2C477 /* FlixUITests */ = {
			isa = PBXNativeTarget;
			buildConfigurationList = 6FEEFA0523D9109900A2C477 /* Build configuration list for PBXNativeTarget "FlixUITests" */;
			buildPhases = (
				659D74A8BEA38B13A296F17F /* [CP] Check Pods Manifest.lock */,
				6FEEF9F223D9109900A2C477 /* Sources */,
				6FEEF9F323D9109900A2C477 /* Frameworks */,
				6FEEF9F423D9109900A2C477 /* Resources */,
				B652613F9AEE2E99D4BA53E0 /* [CP] Embed Pods Frameworks */,
			);
			buildRules = (
			);
			dependencies = (
				6FEEF9F823D9109900A2C477 /* PBXTargetDependency */,
			);
			name = FlixUITests;
			productName = FlixUITests;
			productReference = 6FEEF9F623D9109900A2C477 /* FlixUITests.xctest */;
			productType = "com.apple.product-type.bundle.ui-testing";
		};
/* End PBXNativeTarget section */

/* Begin PBXProject section */
		6FEEF9CD23D9109700A2C477 /* Project object */ = {
			isa = PBXProject;
			attributes = {
				LastSwiftUpdateCheck = 1130;
				LastUpgradeCheck = 1130;
				ORGANIZATIONNAME = "Juliana Paul";
				TargetAttributes = {
					6FEEF9D423D9109700A2C477 = {
						CreatedOnToolsVersion = 11.3;
					};
					6FEEF9EA23D9109900A2C477 = {
						CreatedOnToolsVersion = 11.3;
						TestTargetID = 6FEEF9D423D9109700A2C477;
					};
					6FEEF9F523D9109900A2C477 = {
						CreatedOnToolsVersion = 11.3;
						TestTargetID = 6FEEF9D423D9109700A2C477;
					};
				};
			};
			buildConfigurationList = 6FEEF9D023D9109700A2C477 /* Build configuration list for PBXProject "Flix" */;
			compatibilityVersion = "Xcode 9.3";
			developmentRegion = en;
			hasScannedForEncodings = 0;
			knownRegions = (
				en,
				Base,
			);
			mainGroup = 6FEEF9CC23D9109700A2C477;
			productRefGroup = 6FEEF9D623D9109700A2C477 /* Products */;
			projectDirPath = "";
			projectRoot = "";
			targets = (
				6FEEF9D423D9109700A2C477 /* Flix */,
				6FEEF9EA23D9109900A2C477 /* FlixTests */,
				6FEEF9F523D9109900A2C477 /* FlixUITests */,
			);
		};
/* End PBXProject section */

/* Begin PBXResourcesBuildPhase section */
		6FEEF9D323D9109700A2C477 /* Resources */ = {
			isa = PBXResourcesBuildPhase;
			buildActionMask = 2147483647;
			files = (
				6FEEF9E523D9109900A2C477 /* LaunchScreen.storyboard in Resources */,
				6FEEF9E223D9109900A2C477 /* Assets.xcassets in Resources */,
				6FEEF9E023D9109700A2C477 /* Main.storyboard in Resources */,
			);
			runOnlyForDeploymentPostprocessing = 0;
		};
		6FEEF9E923D9109900A2C477 /* Resources */ = {
			isa = PBXResourcesBuildPhase;
			buildActionMask = 2147483647;
			files = (
			);
			runOnlyForDeploymentPostprocessing = 0;
		};
		6FEEF9F423D9109900A2C477 /* Resources */ = {
			isa = PBXResourcesBuildPhase;
			buildActionMask = 2147483647;
			files = (
			);
			runOnlyForDeploymentPostprocessing = 0;
		};
/* End PBXResourcesBuildPhase section */

/* Begin PBXShellScriptBuildPhase section */
		127833461F4A0EF62B7A74A1 /* [CP] Embed Pods Frameworks */ = {
			isa = PBXShellScriptBuildPhase;
			buildActionMask = 2147483647;
			files = (
			);
			inputFileListPaths = (
				"${PODS_ROOT}/Target Support Files/Pods-Flix/Pods-Flix-frameworks-${CONFIGURATION}-input-files.xcfilelist",
			);
			name = "[CP] Embed Pods Frameworks";
			outputFileListPaths = (
				"${PODS_ROOT}/Target Support Files/Pods-Flix/Pods-Flix-frameworks-${CONFIGURATION}-output-files.xcfilelist",
			);
			runOnlyForDeploymentPostprocessing = 0;
			shellPath = /bin/sh;
			shellScript = "\"${PODS_ROOT}/Target Support Files/Pods-Flix/Pods-Flix-frameworks.sh\"\n";
			showEnvVarsInLog = 0;
		};
		5BDDA49EF841AC92D3858524 /* [CP] Check Pods Manifest.lock */ = {
			isa = PBXShellScriptBuildPhase;
			buildActionMask = 2147483647;
			files = (
			);
			inputFileListPaths = (
			);
			inputPaths = (
				"${PODS_PODFILE_DIR_PATH}/Podfile.lock",
				"${PODS_ROOT}/Manifest.lock",
			);
			name = "[CP] Check Pods Manifest.lock";
			outputFileListPaths = (
			);
			outputPaths = (
				"$(DERIVED_FILE_DIR)/Pods-Flix-checkManifestLockResult.txt",
			);
			runOnlyForDeploymentPostprocessing = 0;
			shellPath = /bin/sh;
			shellScript = "diff \"${PODS_PODFILE_DIR_PATH}/Podfile.lock\" \"${PODS_ROOT}/Manifest.lock\" > /dev/null\nif [ $? != 0 ] ; then\n    # print error to STDERR\n    echo \"error: The sandbox is not in sync with the Podfile.lock. Run 'pod install' or update your CocoaPods installation.\" >&2\n    exit 1\nfi\n# This output is used by Xcode 'outputs' to avoid re-running this script phase.\necho \"SUCCESS\" > \"${SCRIPT_OUTPUT_FILE_0}\"\n";
			showEnvVarsInLog = 0;
		};
		659D74A8BEA38B13A296F17F /* [CP] Check Pods Manifest.lock */ = {
			isa = PBXShellScriptBuildPhase;
			buildActionMask = 2147483647;
			files = (
			);
			inputFileListPaths = (
			);
			inputPaths = (
				"${PODS_PODFILE_DIR_PATH}/Podfile.lock",
				"${PODS_ROOT}/Manifest.lock",
			);
			name = "[CP] Check Pods Manifest.lock";
			outputFileListPaths = (
			);
			outputPaths = (
				"$(DERIVED_FILE_DIR)/Pods-Flix-FlixUITests-checkManifestLockResult.txt",
			);
			runOnlyForDeploymentPostprocessing = 0;
			shellPath = /bin/sh;
			shellScript = "diff \"${PODS_PODFILE_DIR_PATH}/Podfile.lock\" \"${PODS_ROOT}/Manifest.lock\" > /dev/null\nif [ $? != 0 ] ; then\n    # print error to STDERR\n    echo \"error: The sandbox is not in sync with the Podfile.lock. Run 'pod install' or update your CocoaPods installation.\" >&2\n    exit 1\nfi\n# This output is used by Xcode 'outputs' to avoid re-running this script phase.\necho \"SUCCESS\" > \"${SCRIPT_OUTPUT_FILE_0}\"\n";
			showEnvVarsInLog = 0;
		};
		B652613F9AEE2E99D4BA53E0 /* [CP] Embed Pods Frameworks */ = {
			isa = PBXShellScriptBuildPhase;
			buildActionMask = 2147483647;
			files = (
			);
			inputFileListPaths = (
				"${PODS_ROOT}/Target Support Files/Pods-Flix-FlixUITests/Pods-Flix-FlixUITests-frameworks-${CONFIGURATION}-input-files.xcfilelist",
			);
			name = "[CP] Embed Pods Frameworks";
			outputFileListPaths = (
				"${PODS_ROOT}/Target Support Files/Pods-Flix-FlixUITests/Pods-Flix-FlixUITests-frameworks-${CONFIGURATION}-output-files.xcfilelist",
			);
			runOnlyForDeploymentPostprocessing = 0;
			shellPath = /bin/sh;
			shellScript = "\"${PODS_ROOT}/Target Support Files/Pods-Flix-FlixUITests/Pods-Flix-FlixUITests-frameworks.sh\"\n";
			showEnvVarsInLog = 0;
		};
		CFDC8569BFD1CF57C7EC3A1C /* [CP] Check Pods Manifest.lock */ = {
			isa = PBXShellScriptBuildPhase;
			buildActionMask = 2147483647;
			files = (
			);
			inputFileListPaths = (
			);
			inputPaths = (
				"${PODS_PODFILE_DIR_PATH}/Podfile.lock",
				"${PODS_ROOT}/Manifest.lock",
			);
			name = "[CP] Check Pods Manifest.lock";
			outputFileListPaths = (
			);
			outputPaths = (
				"$(DERIVED_FILE_DIR)/Pods-FlixTests-checkManifestLockResult.txt",
			);
			runOnlyForDeploymentPostprocessing = 0;
			shellPath = /bin/sh;
			shellScript = "diff \"${PODS_PODFILE_DIR_PATH}/Podfile.lock\" \"${PODS_ROOT}/Manifest.lock\" > /dev/null\nif [ $? != 0 ] ; then\n    # print error to STDERR\n    echo \"error: The sandbox is not in sync with the Podfile.lock. Run 'pod install' or update your CocoaPods installation.\" >&2\n    exit 1\nfi\n# This output is used by Xcode 'outputs' to avoid re-running this script phase.\necho \"SUCCESS\" > \"${SCRIPT_OUTPUT_FILE_0}\"\n";
			showEnvVarsInLog = 0;
		};
/* End PBXShellScriptBuildPhase section */

/* Begin PBXSourcesBuildPhase section */
		6FEEF9D123D9109700A2C477 /* Sources */ = {
			isa = PBXSourcesBuildPhase;
			buildActionMask = 2147483647;
			files = (
				6FEEF9DD23D9109700A2C477 /* ViewController.swift in Sources */,
				6FEEF9D923D9109700A2C477 /* AppDelegate.swift in Sources */,
				6F30E02823E5430700B68355 /* MovieDetailsViewController.swift in Sources */,
				6F13891723E79D6900D69178 /* MovieGridViewController.swift in Sources */,
				6F13891923E7C07600D69178 /* MovieGridCell.swift in Sources */,
				6FEEF9DB23D9109700A2C477 /* SceneDelegate.swift in Sources */,
				6F60276523DCE59800D85161 /* MovieCell.swift in Sources */,
				6FEEFA0923D9156B00A2C477 /* MoviesViewController.swift in Sources */,
			);
			runOnlyForDeploymentPostprocessing = 0;
		};
		6FEEF9E723D9109900A2C477 /* Sources */ = {
			isa = PBXSourcesBuildPhase;
			buildActionMask = 2147483647;
			files = (
				6FEEF9F023D9109900A2C477 /* FlixTests.swift in Sources */,
			);
			runOnlyForDeploymentPostprocessing = 0;
		};
		6FEEF9F223D9109900A2C477 /* Sources */ = {
			isa = PBXSourcesBuildPhase;
			buildActionMask = 2147483647;
			files = (
				6FEEF9FB23D9109900A2C477 /* FlixUITests.swift in Sources */,
			);
			runOnlyForDeploymentPostprocessing = 0;
		};
/* End PBXSourcesBuildPhase section */

/* Begin PBXTargetDependency section */
		6FEEF9ED23D9109900A2C477 /* PBXTargetDependency */ = {
			isa = PBXTargetDependency;
			target = 6FEEF9D423D9109700A2C477 /* Flix */;
			targetProxy = 6FEEF9EC23D9109900A2C477 /* PBXContainerItemProxy */;
		};
		6FEEF9F823D9109900A2C477 /* PBXTargetDependency */ = {
			isa = PBXTargetDependency;
			target = 6FEEF9D423D9109700A2C477 /* Flix */;
			targetProxy = 6FEEF9F723D9109900A2C477 /* PBXContainerItemProxy */;
		};
/* End PBXTargetDependency section */

/* Begin PBXVariantGroup section */
		6FEEF9DE23D9109700A2C477 /* Main.storyboard */ = {
			isa = PBXVariantGroup;
			children = (
				6FEEF9DF23D9109700A2C477 /* Base */,
			);
			name = Main.storyboard;
			sourceTree = "<group>";
		};
		6FEEF9E323D9109900A2C477 /* LaunchScreen.storyboard */ = {
			isa = PBXVariantGroup;
			children = (
				6FEEF9E423D9109900A2C477 /* Base */,
			);
			name = LaunchScreen.storyboard;
			sourceTree = "<group>";
		};
/* End PBXVariantGroup section */

/* Begin XCBuildConfiguration section */
		6FEEF9FD23D9109900A2C477 /* Debug */ = {
			isa = XCBuildConfiguration;
			buildSettings = {
				ALWAYS_SEARCH_USER_PATHS = NO;
				CLANG_ANALYZER_NONNULL = YES;
				CLANG_ANALYZER_NUMBER_OBJECT_CONVERSION = YES_AGGRESSIVE;
				CLANG_CXX_LANGUAGE_STANDARD = "gnu++14";
				CLANG_CXX_LIBRARY = "libc++";
				CLANG_ENABLE_MODULES = YES;
				CLANG_ENABLE_OBJC_ARC = YES;
				CLANG_ENABLE_OBJC_WEAK = YES;
				CLANG_WARN_BLOCK_CAPTURE_AUTORELEASING = YES;
				CLANG_WARN_BOOL_CONVERSION = YES;
				CLANG_WARN_COMMA = YES;
				CLANG_WARN_CONSTANT_CONVERSION = YES;
				CLANG_WARN_DEPRECATED_OBJC_IMPLEMENTATIONS = YES;
				CLANG_WARN_DIRECT_OBJC_ISA_USAGE = YES_ERROR;
				CLANG_WARN_DOCUMENTATION_COMMENTS = YES;
				CLANG_WARN_EMPTY_BODY = YES;
				CLANG_WARN_ENUM_CONVERSION = YES;
				CLANG_WARN_INFINITE_RECURSION = YES;
				CLANG_WARN_INT_CONVERSION = YES;
				CLANG_WARN_NON_LITERAL_NULL_CONVERSION = YES;
				CLANG_WARN_OBJC_IMPLICIT_RETAIN_SELF = YES;
				CLANG_WARN_OBJC_LITERAL_CONVERSION = YES;
				CLANG_WARN_OBJC_ROOT_CLASS = YES_ERROR;
				CLANG_WARN_RANGE_LOOP_ANALYSIS = YES;
				CLANG_WARN_STRICT_PROTOTYPES = YES;
				CLANG_WARN_SUSPICIOUS_MOVE = YES;
				CLANG_WARN_UNGUARDED_AVAILABILITY = YES_AGGRESSIVE;
				CLANG_WARN_UNREACHABLE_CODE = YES;
				CLANG_WARN__DUPLICATE_METHOD_MATCH = YES;
				COPY_PHASE_STRIP = NO;
				DEBUG_INFORMATION_FORMAT = dwarf;
				ENABLE_STRICT_OBJC_MSGSEND = YES;
				ENABLE_TESTABILITY = YES;
				GCC_C_LANGUAGE_STANDARD = gnu11;
				GCC_DYNAMIC_NO_PIC = NO;
				GCC_NO_COMMON_BLOCKS = YES;
				GCC_OPTIMIZATION_LEVEL = 0;
				GCC_PREPROCESSOR_DEFINITIONS = (
					"DEBUG=1",
					"$(inherited)",
				);
				GCC_WARN_64_TO_32_BIT_CONVERSION = YES;
				GCC_WARN_ABOUT_RETURN_TYPE = YES_ERROR;
				GCC_WARN_UNDECLARED_SELECTOR = YES;
				GCC_WARN_UNINITIALIZED_AUTOS = YES_AGGRESSIVE;
				GCC_WARN_UNUSED_FUNCTION = YES;
				GCC_WARN_UNUSED_VARIABLE = YES;
				IPHONEOS_DEPLOYMENT_TARGET = 13.2;
				MTL_ENABLE_DEBUG_INFO = INCLUDE_SOURCE;
				MTL_FAST_MATH = YES;
				ONLY_ACTIVE_ARCH = YES;
				SDKROOT = iphoneos;
				SWIFT_ACTIVE_COMPILATION_CONDITIONS = DEBUG;
				SWIFT_OPTIMIZATION_LEVEL = "-Onone";
			};
			name = Debug;
		};
		6FEEF9FE23D9109900A2C477 /* Release */ = {
			isa = XCBuildConfiguration;
			buildSettings = {
				ALWAYS_SEARCH_USER_PATHS = NO;
				CLANG_ANALYZER_NONNULL = YES;
				CLANG_ANALYZER_NUMBER_OBJECT_CONVERSION = YES_AGGRESSIVE;
				CLANG_CXX_LANGUAGE_STANDARD = "gnu++14";
				CLANG_CXX_LIBRARY = "libc++";
				CLANG_ENABLE_MODULES = YES;
				CLANG_ENABLE_OBJC_ARC = YES;
				CLANG_ENABLE_OBJC_WEAK = YES;
				CLANG_WARN_BLOCK_CAPTURE_AUTORELEASING = YES;
				CLANG_WARN_BOOL_CONVERSION = YES;
				CLANG_WARN_COMMA = YES;
				CLANG_WARN_CONSTANT_CONVERSION = YES;
				CLANG_WARN_DEPRECATED_OBJC_IMPLEMENTATIONS = YES;
				CLANG_WARN_DIRECT_OBJC_ISA_USAGE = YES_ERROR;
				CLANG_WARN_DOCUMENTATION_COMMENTS = YES;
				CLANG_WARN_EMPTY_BODY = YES;
				CLANG_WARN_ENUM_CONVERSION = YES;
				CLANG_WARN_INFINITE_RECURSION = YES;
				CLANG_WARN_INT_CONVERSION = YES;
				CLANG_WARN_NON_LITERAL_NULL_CONVERSION = YES;
				CLANG_WARN_OBJC_IMPLICIT_RETAIN_SELF = YES;
				CLANG_WARN_OBJC_LITERAL_CONVERSION = YES;
				CLANG_WARN_OBJC_ROOT_CLASS = YES_ERROR;
				CLANG_WARN_RANGE_LOOP_ANALYSIS = YES;
				CLANG_WARN_STRICT_PROTOTYPES = YES;
				CLANG_WARN_SUSPICIOUS_MOVE = YES;
				CLANG_WARN_UNGUARDED_AVAILABILITY = YES_AGGRESSIVE;
				CLANG_WARN_UNREACHABLE_CODE = YES;
				CLANG_WARN__DUPLICATE_METHOD_MATCH = YES;
				COPY_PHASE_STRIP = NO;
				DEBUG_INFORMATION_FORMAT = "dwarf-with-dsym";
				ENABLE_NS_ASSERTIONS = NO;
				ENABLE_STRICT_OBJC_MSGSEND = YES;
				GCC_C_LANGUAGE_STANDARD = gnu11;
				GCC_NO_COMMON_BLOCKS = YES;
				GCC_WARN_64_TO_32_BIT_CONVERSION = YES;
				GCC_WARN_ABOUT_RETURN_TYPE = YES_ERROR;
				GCC_WARN_UNDECLARED_SELECTOR = YES;
				GCC_WARN_UNINITIALIZED_AUTOS = YES_AGGRESSIVE;
				GCC_WARN_UNUSED_FUNCTION = YES;
				GCC_WARN_UNUSED_VARIABLE = YES;
				IPHONEOS_DEPLOYMENT_TARGET = 13.2;
				MTL_ENABLE_DEBUG_INFO = NO;
				MTL_FAST_MATH = YES;
				SDKROOT = iphoneos;
				SWIFT_COMPILATION_MODE = wholemodule;
				SWIFT_OPTIMIZATION_LEVEL = "-O";
				VALIDATE_PRODUCT = YES;
			};
			name = Release;
		};
		6FEEFA0023D9109900A2C477 /* Debug */ = {
			isa = XCBuildConfiguration;
			baseConfigurationReference = B8A3305B66A0392B00154E66 /* Pods-Flix.debug.xcconfig */;
			buildSettings = {
				ASSETCATALOG_COMPILER_APPICON_NAME = AppIcon;
				CODE_SIGN_STYLE = Automatic;
				DEVELOPMENT_TEAM = U939LZFA5K;
				INFOPLIST_FILE = Flix/Info.plist;
				LD_RUNPATH_SEARCH_PATHS = (
					"$(inherited)",
					"@executable_path/Frameworks",
				);
				PRODUCT_BUNDLE_IDENTIFIER = com.julianapaul.Flix;
				PRODUCT_NAME = "$(TARGET_NAME)";
				SWIFT_VERSION = 5.0;
				TARGETED_DEVICE_FAMILY = "1,2";
			};
			name = Debug;
		};
		6FEEFA0123D9109900A2C477 /* Release */ = {
			isa = XCBuildConfiguration;
			baseConfigurationReference = E4E4046B9D1ADF5EA9EDDE2B /* Pods-Flix.release.xcconfig */;
			buildSettings = {
				ASSETCATALOG_COMPILER_APPICON_NAME = AppIcon;
				CODE_SIGN_STYLE = Automatic;
				DEVELOPMENT_TEAM = U939LZFA5K;
				INFOPLIST_FILE = Flix/Info.plist;
				LD_RUNPATH_SEARCH_PATHS = (
					"$(inherited)",
					"@executable_path/Frameworks",
				);
				PRODUCT_BUNDLE_IDENTIFIER = com.julianapaul.Flix;
				PRODUCT_NAME = "$(TARGET_NAME)";
				SWIFT_VERSION = 5.0;
				TARGETED_DEVICE_FAMILY = "1,2";
			};
			name = Release;
		};
		6FEEFA0323D9109900A2C477 /* Debug */ = {
			isa = XCBuildConfiguration;
			baseConfigurationReference = 5A706CC4790C6ED37F2D5FFB /* Pods-FlixTests.debug.xcconfig */;
			buildSettings = {
				ALWAYS_EMBED_SWIFT_STANDARD_LIBRARIES = YES;
				BUNDLE_LOADER = "$(TEST_HOST)";
				CODE_SIGN_STYLE = Automatic;
				DEVELOPMENT_TEAM = U939LZFA5K;
				INFOPLIST_FILE = FlixTests/Info.plist;
				IPHONEOS_DEPLOYMENT_TARGET = 13.2;
				LD_RUNPATH_SEARCH_PATHS = (
					"$(inherited)",
					"@executable_path/Frameworks",
					"@loader_path/Frameworks",
				);
				PRODUCT_BUNDLE_IDENTIFIER = com.julianapaul.FlixTests;
				PRODUCT_NAME = "$(TARGET_NAME)";
				SWIFT_VERSION = 5.0;
				TARGETED_DEVICE_FAMILY = "1,2";
				TEST_HOST = "$(BUILT_PRODUCTS_DIR)/Flix.app/Flix";
			};
			name = Debug;
		};
		6FEEFA0423D9109900A2C477 /* Release */ = {
			isa = XCBuildConfiguration;
			baseConfigurationReference = B0DDFFE671628029362AA481 /* Pods-FlixTests.release.xcconfig */;
			buildSettings = {
				ALWAYS_EMBED_SWIFT_STANDARD_LIBRARIES = YES;
				BUNDLE_LOADER = "$(TEST_HOST)";
				CODE_SIGN_STYLE = Automatic;
				DEVELOPMENT_TEAM = U939LZFA5K;
				INFOPLIST_FILE = FlixTests/Info.plist;
				IPHONEOS_DEPLOYMENT_TARGET = 13.2;
				LD_RUNPATH_SEARCH_PATHS = (
					"$(inherited)",
					"@executable_path/Frameworks",
					"@loader_path/Frameworks",
				);
				PRODUCT_BUNDLE_IDENTIFIER = com.julianapaul.FlixTests;
				PRODUCT_NAME = "$(TARGET_NAME)";
				SWIFT_VERSION = 5.0;
				TARGETED_DEVICE_FAMILY = "1,2";
				TEST_HOST = "$(BUILT_PRODUCTS_DIR)/Flix.app/Flix";
			};
			name = Release;
		};
		6FEEFA0623D9109900A2C477 /* Debug */ = {
			isa = XCBuildConfiguration;
			baseConfigurationReference = 374E9A2E82B1A1AD59B872F0 /* Pods-Flix-FlixUITests.debug.xcconfig */;
			buildSettings = {
				ALWAYS_EMBED_SWIFT_STANDARD_LIBRARIES = YES;
				CODE_SIGN_STYLE = Automatic;
				DEVELOPMENT_TEAM = U939LZFA5K;
				INFOPLIST_FILE = FlixUITests/Info.plist;
				LD_RUNPATH_SEARCH_PATHS = (
					"$(inherited)",
					"@executable_path/Frameworks",
					"@loader_path/Frameworks",
				);
				PRODUCT_BUNDLE_IDENTIFIER = com.julianapaul.FlixUITests;
				PRODUCT_NAME = "$(TARGET_NAME)";
				SWIFT_VERSION = 5.0;
				TARGETED_DEVICE_FAMILY = "1,2";
				TEST_TARGET_NAME = Flix;
			};
			name = Debug;
		};
		6FEEFA0723D9109900A2C477 /* Release */ = {
			isa = XCBuildConfiguration;
			baseConfigurationReference = 73383F7AA45C5AD7B4CFB7A8 /* Pods-Flix-FlixUITests.release.xcconfig */;
			buildSettings = {
				ALWAYS_EMBED_SWIFT_STANDARD_LIBRARIES = YES;
				CODE_SIGN_STYLE = Automatic;
				DEVELOPMENT_TEAM = U939LZFA5K;
				INFOPLIST_FILE = FlixUITests/Info.plist;
				LD_RUNPATH_SEARCH_PATHS = (
					"$(inherited)",
					"@executable_path/Frameworks",
					"@loader_path/Frameworks",
				);
				PRODUCT_BUNDLE_IDENTIFIER = com.julianapaul.FlixUITests;
				PRODUCT_NAME = "$(TARGET_NAME)";
				SWIFT_VERSION = 5.0;
				TARGETED_DEVICE_FAMILY = "1,2";
				TEST_TARGET_NAME = Flix;
			};
			name = Release;
		};
/* End XCBuildConfiguration section */

/* Begin XCConfigurationList section */
		6FEEF9D023D9109700A2C477 /* Build configuration list for PBXProject "Flix" */ = {
			isa = XCConfigurationList;
			buildConfigurations = (
				6FEEF9FD23D9109900A2C477 /* Debug */,
				6FEEF9FE23D9109900A2C477 /* Release */,
			);
			defaultConfigurationIsVisible = 0;
			defaultConfigurationName = Release;
		};
		6FEEF9FF23D9109900A2C477 /* Build configuration list for PBXNativeTarget "Flix" */ = {
			isa = XCConfigurationList;
			buildConfigurations = (
				6FEEFA0023D9109900A2C477 /* Debug */,
				6FEEFA0123D9109900A2C477 /* Release */,
			);
			defaultConfigurationIsVisible = 0;
			defaultConfigurationName = Release;
		};
		6FEEFA0223D9109900A2C477 /* Build configuration list for PBXNativeTarget "FlixTests" */ = {
			isa = XCConfigurationList;
			buildConfigurations = (
				6FEEFA0323D9109900A2C477 /* Debug */,
				6FEEFA0423D9109900A2C477 /* Release */,
			);
			defaultConfigurationIsVisible = 0;
			defaultConfigurationName = Release;
		};
		6FEEFA0523D9109900A2C477 /* Build configuration list for PBXNativeTarget "FlixUITests" */ = {
			isa = XCConfigurationList;
			buildConfigurations = (
				6FEEFA0623D9109900A2C477 /* Debug */,
				6FEEFA0723D9109900A2C477 /* Release */,
			);
			defaultConfigurationIsVisible = 0;
			defaultConfigurationName = Release;
		};
/* End XCConfigurationList section */
	};
	rootObject = 6FEEF9CD23D9109700A2C477 /* Project object */;
}
