// !$*UTF8*$!
{
	archiveVersion = 1;
	classes = {
	};
	objectVersion = 50;
	objects = {

/* Begin PBXBuildFile section */
		6FEEF9D923D9109700A2C477 /* AppDelegate.swift in Sources */ = {isa = PBXBuildFile; fileRef = 6FEEF9D823D9109700A2C477 /* AppDelegate.swift */; };
		6FEEF9DB23D9109700A2C477 /* SceneDelegate.swift in Sources */ = {isa = PBXBuildFile; fileRef = 6FEEF9DA23D9109700A2C477 /* SceneDelegate.swift */; };
		6FEEF9DD23D9109700A2C477 /* ViewController.swift in Sources */ = {isa = PBXBuildFile; fileRef = 6FEEF9DC23D9109700A2C477 /* ViewController.swift */; };
		6FEEF9E023D9109700A2C477 /* Main.storyboard in Resources */ = {isa = PBXBuildFile; fileRef = 6FEEF9DE23D9109700A2C477 /* Main.storyboard */; };
		6FEEF9E223D9109900A2C477 /* Assets.xcassets in Resources */ = {isa = PBXBuildFile; fileRef = 6FEEF9E123D9109900A2C477 /* Assets.xcassets */; };
		6FEEF9E523D9109900A2C477 /* LaunchScreen.storyboard in Resources */ = {isa = PBXBuildFile; fileRef = 6FEEF9E323D9109900A2C477 /* LaunchScreen.storyboard */; };
		6FEEF9F023D9109900A2C477 /* FlixTests.swift in Sources */ = {isa = PBXBuildFile; fileRef = 6FEEF9EF23D9109900A2C477 /* FlixTests.swift */; };
		6FEEF9FB23D9109900A2C477 /* FlixUITests.swift in Sources */ = {isa = PBXBuildFile; fileRef = 6FEEF9FA23D9109900A2C477 /* FlixUITests.swift */; };
/* End PBXBuildFile section */

/* Begin PBXContainerItemProxy section */
		6FEEF9EC23D9109900A2C477 /* PBXContainerItemProxy */ = {
			isa = PBXContainerItemProxy;
			containerPortal = 6FEEF9CD23D9109700A2C477 /* Project object */;
			proxyType = 1;
			remoteGlobalIDString = 6FEEF9D423D9109700A2C477;
			remoteInfo = Flix;
		};
		6FEEF9F723D9109900A2C477 /* PBXContainerItemProxy */ = {
			isa = PBXContainerItemProxy;
			containerPortal = 6FEEF9CD23D9109700A2C477 /* Project object */;
			proxyType = 1;
			remoteGlobalIDString = 6FEEF9D423D9109700A2C477;
			remoteInfo = Flix;
		};
/* End PBXContainerItemProxy section */

/* Begin PBXFileReference section */
		6FEEF9D523D9109700A2C477 /* Flix.app */ = {isa = PBXFileReference; explicitFileType = wrapper.application; includeInIndex = 0; path = Flix.app; sourceTree = BUILT_PRODUCTS_DIR; };
		6FEEF9D823D9109700A2C477 /* AppDelegate.swift */ = {isa = PBXFileReference; lastKnownFileType = sourcecode.swift; path = AppDelegate.swift; sourceTree = "<group>"; };
		6FEEF9DA23D9109700A2C477 /* SceneDelegate.swift */ = {isa = PBXFileReference; lastKnownFileType = sourcecode.swift; path = SceneDelegate.swift; sourceTree = "<group>"; };
		6FEEF9DC23D9109700A2C477 /* ViewController.swift */ = {isa = PBXFileReference; lastKnownFileType = sourcecode.swift; path = ViewController.swift; sourceTree = "<group>"; };
		6FEEF9DF23D9109700A2C477 /* Base */ = {isa = PBXFileReference; lastKnownFileType = file.storyboard; name = Base; path = Base.lproj/Main.storyboard; sourceTree = "<group>"; };
		6FEEF9E123D9109900A2C477 /* Assets.xcassets */ = {isa = PBXFileReference; lastKnownFileType = folder.assetcatalog; path = Assets.xcassets; sourceTree = "<group>"; };
		6FEEF9E423D9109900A2C477 /* Base */ = {isa = PBXFileReference; lastKnownFileType = file.storyboard; name = Base; path = Base.lproj/LaunchScreen.storyboard; sourceTree = "<group>"; };
		6FEEF9E623D9109900A2C477 /* Info.plist */ = {isa = PBXFileReference; lastKnownFileType = text.plist.xml; path = Info.plist; sourceTree = "<group>"; };
		6FEEF9EB23D9109900A2C477 /* FlixTests.xctest */ = {isa = PBXFileReference; explicitFileType = wrapper.cfbundle; includeInIndex = 0; path = FlixTests.xctest; sourceTree = BUILT_PRODUCTS_DIR; };
		6FEEF9EF23D9109900A2C477 /* FlixTests.swift */ = {isa = PBXFileReference; lastKnownFileType = sourcecode.swift; path = FlixTests.swift; sourceTree = "<group>"; };
		6FEEF9F123D9109900A2C477 /* Info.plist */ = {isa = PBXFileReference; lastKnownFileType = text.plist.xml; path = Info.plist; sourceTree = "<group>"; };
		6FEEF9F623D9109900A2C477 /* FlixUITests.xctest */ = {isa = PBXFileReference; explicitFileType = wrapper.cfbundle; includeInIndex = 0; path = FlixUITests.xctest; sourceTree = BUILT_PRODUCTS_DIR; };
		6FEEF9FA23D9109900A2C477 /* FlixUITests.swift */ = {isa = PBXFileReference; lastKnownFileType = sourcecode.swift; path = FlixUITests.swift; sourceTree = "<group>"; };
		6FEEF9FC23D9109900A2C477 /* Info.plist */ = {isa = PBXFileReference; lastKnownFileType = text.plist.xml; path = Info.plist; sourceTree = "<group>"; };
/* End PBXFileReference section */

/* Begin PBXFrameworksBuildPhase section */
		6FEEF9D223D9109700A2C477 /* Frameworks */ = {
			isa = PBXFrameworksBuildPhase;
			buildActionMask = 2147483647;
			files = (
			);
			runOnlyForDeploymentPostprocessing = 0;
		};
		6FEEF9E823D9109900A2C477 /* Frameworks */ = {
			isa = PBXFrameworksBuildPhase;
			buildActionMask = 2147483647;
			files = (
			);
			runOnlyForDeploymentPostprocessing = 0;
		};
		6FEEF9F323D9109900A2C477 /* Frameworks */ = {
			isa = PBXFrameworksBuildPhase;
			buildActionMask = 2147483647;
			files = (
			);
			runOnlyForDeploymentPostprocessing = 0;
		};
/* End PBXFrameworksBuildPhase section */

/* Begin PBXGroup section */
		6FEEF9CC23D9109700A2C477 = {
			isa = PBXGroup;
			children = (
				6FEEF9D723D9109700A2C477 /* Flix */,
				6FEEF9EE23D9109900A2C477 /* FlixTests */,
				6FEEF9F923D9109900A2C477 /* FlixUITests */,
				6FEEF9D623D9109700A2C477 /* Products */,
			);
			sourceTree = "<group>";
		};
		6FEEF9D623D9109700A2C477 /* Products */ = {
			isa = PBXGroup;
			children = (
				6FEEF9D523D9109700A2C477 /* Flix.app */,
				6FEEF9EB23D9109900A2C477 /* FlixTests.xctest */,
				6FEEF9F623D9109900A2C477 /* FlixUITests.xctest */,
			);
			name = Products;
			sourceTree = "<group>";
		};
		6FEEF9D723D9109700A2C477 /* Flix */ = {
			isa = PBXGroup;
			children = (
				6FEEF9D823D9109700A2C477 /* AppDelegate.swift */,
				6FEEF9DA23D9109700A2C477 /* SceneDelegate.swift */,
				6FEEF9DC23D9109700A2C477 /* ViewController.swift */,
				6FEEF9DE23D9109700A2C477 /* Main.storyboard */,
				6FEEF9E123D9109900A2C477 /* Assets.xcassets */,
				6FEEF9E323D9109900A2C477 /* LaunchScreen.storyboard */,
				6FEEF9E623D9109900A2C477 /* Info.plist */,
			);
			path = Flix;
			sourceTree = "<group>";
		};
		6FEEF9EE23D9109900A2C477 /* FlixTests */ = {
			isa = PBXGroup;
			children = (
				6FEEF9EF23D9109900A2C477 /* FlixTests.swift */,
				6FEEF9F123D9109900A2C477 /* Info.plist */,
			);
			path = FlixTests;
			sourceTree = "<group>";
		};
		6FEEF9F923D9109900A2C477 /* FlixUITests */ = {
			isa = PBXGroup;
			children = (
				6FEEF9FA23D9109900A2C477 /* FlixUITests.swift */,
				6FEEF9FC23D9109900A2C477 /* Info.plist */,
			);
			path = FlixUITests;
			sourceTree = "<group>";
		};
/* End PBXGroup section */

/* Begin PBXNativeTarget section */
		6FEEF9D423D9109700A2C477 /* Flix */ = {
			isa = PBXNativeTarget;
			buildConfigurationList = 6FEEF9FF23D9109900A2C477 /* Build configuration list for PBXNativeTarget "Flix" */;
			buildPhases = (
				6FEEF9D123D9109700A2C477 /* Sources */,
				6FEEF9D223D9109700A2C477 /* Frameworks */,
				6FEEF9D323D9109700A2C477 /* Resources */,
			);
			buildRules = (
			);
			dependencies = (
			);
			name = Flix;
			productName = Flix;
			productReference = 6FEEF9D523D9109700A2C477 /* Flix.app */;
			productType = "com.apple.product-type.application";
		};
		6FEEF9EA23D9109900A2C477 /* FlixTests */ = {
			isa = PBXNativeTarget;
			buildConfigurationList = 6FEEFA0223D9109900A2C477 /* Build configuration list for PBXNativeTarget "FlixTests" */;
			buildPhases = (
				6FEEF9E723D9109900A2C477 /* Sources */,
				6FEEF9E823D9109900A2C477 /* Frameworks */,
				6FEEF9E923D9109900A2C477 /* Resources */,
			);
			buildRules = (
			);
			dependencies = (
				6FEEF9ED23D9109900A2C477 /* PBXTargetDependency */,
			);
			name = FlixTests;
			productName = FlixTests;
			productReference = 6FEEF9EB23D9109900A2C477 /* FlixTests.xctest */;
			productType = "com.apple.product-type.bundle.unit-test";
		};
		6FEEF9F523D9109900A2C477 /* FlixUITests */ = {
			isa = PBXNativeTarget;
			buildConfigurationList = 6FEEFA0523D9109900A2C477 /* Build configuration list for PBXNativeTarget "FlixUITests" */;
			buildPhases = (
				6FEEF9F223D9109900A2C477 /* Sources */,
				6FEEF9F323D9109900A2C477 /* Frameworks */,
				6FEEF9F423D9109900A2C477 /* Resources */,
			);
			buildRules = (
			);
			dependencies = (
				6FEEF9F823D9109900A2C477 /* PBXTargetDependency */,
			);
			name = FlixUITests;
			productName = FlixUITests;
			productReference = 6FEEF9F623D9109900A2C477 /* FlixUITests.xctest */;
			productType = "com.apple.product-type.bundle.ui-testing";
		};
/* End PBXNativeTarget section */

/* Begin PBXProject section */
		6FEEF9CD23D9109700A2C477 /* Project object */ = {
			isa = PBXProject;
			attributes = {
				LastSwiftUpdateCheck = 1130;
				LastUpgradeCheck = 1130;
				ORGANIZATIONNAME = "Juliana Paul";
				TargetAttributes = {
					6FEEF9D423D9109700A2C477 = {
						CreatedOnToolsVersion = 11.3;
					};
					6FEEF9EA23D9109900A2C477 = {
						CreatedOnToolsVersion = 11.3;
						TestTargetID = 6FEEF9D423D9109700A2C477;
					};
					6FEEF9F523D9109900A2C477 = {
						CreatedOnToolsVersion = 11.3;
						TestTargetID = 6FEEF9D423D9109700A2C477;
					};
				};
			};
			buildConfigurationList = 6FEEF9D023D9109700A2C477 /* Build configuration list for PBXProject "Flix" */;
			compatibilityVersion = "Xcode 9.3";
			developmentRegion = en;
			hasScannedForEncodings = 0;
			knownRegions = (
				en,
				Base,
			);
			mainGroup = 6FEEF9CC23D9109700A2C477;
			productRefGroup = 6FEEF9D623D9109700A2C477 /* Products */;
			projectDirPath = "";
			projectRoot = "";
			targets = (
				6FEEF9D423D9109700A2C477 /* Flix */,
				6FEEF9EA23D9109900A2C477 /* FlixTests */,
				6FEEF9F523D9109900A2C477 /* FlixUITests */,
			);
		};
/* End PBXProject section */

/* Begin PBXResourcesBuildPhase section */
		6FEEF9D323D9109700A2C477 /* Resources */ = {
			isa = PBXResourcesBuildPhase;
			buildActionMask = 2147483647;
			files = (
				6FEEF9E523D9109900A2C477 /* LaunchScreen.storyboard in Resources */,
				6FEEF9E223D9109900A2C477 /* Assets.xcassets in Resources */,
				6FEEF9E023D9109700A2C477 /* Main.storyboard in Resources */,
			);
			runOnlyForDeploymentPostprocessing = 0;
		};
		6FEEF9E923D9109900A2C477 /* Resources */ = {
			isa = PBXResourcesBuildPhase;
			buildActionMask = 2147483647;
			files = (
			);
			runOnlyForDeploymentPostprocessing = 0;
		};
		6FEEF9F423D9109900A2C477 /* Resources */ = {
			isa = PBXResourcesBuildPhase;
			buildActionMask = 2147483647;
			files = (
			);
			runOnlyForDeploymentPostprocessing = 0;
		};
/* End PBXResourcesBuildPhase section */

/* Begin PBXSourcesBuildPhase section */
		6FEEF9D123D9109700A2C477 /* Sources */ = {
			isa = PBXSourcesBuildPhase;
			buildActionMask = 2147483647;
			files = (
				6FEEF9DD23D9109700A2C477 /* ViewController.swift in Sources */,
				6FEEF9D923D9109700A2C477 /* AppDelegate.swift in Sources */,
				6FEEF9DB23D9109700A2C477 /* SceneDelegate.swift in Sources */,
			);
			runOnlyForDeploymentPostprocessing = 0;
		};
		6FEEF9E723D9109900A2C477 /* Sources */ = {
			isa = PBXSourcesBuildPhase;
			buildActionMask = 2147483647;
			files = (
				6FEEF9F023D9109900A2C477 /* FlixTests.swift in Sources */,
			);
			runOnlyForDeploymentPostprocessing = 0;
		};
		6FEEF9F223D9109900A2C477 /* Sources */ = {
			isa = PBXSourcesBuildPhase;
			buildActionMask = 2147483647;
			files = (
				6FEEF9FB23D9109900A2C477 /* FlixUITests.swift in Sources */,
			);
			runOnlyForDeploymentPostprocessing = 0;
		};
/* End PBXSourcesBuildPhase section */

/* Begin PBXTargetDependency section */
		6FEEF9ED23D9109900A2C477 /* PBXTargetDependency */ = {
			isa = PBXTargetDependency;
			target = 6FEEF9D423D9109700A2C477 /* Flix */;
			targetProxy = 6FEEF9EC23D9109900A2C477 /* PBXContainerItemProxy */;
		};
		6FEEF9F823D9109900A2C477 /* PBXTargetDependency */ = {
			isa = PBXTargetDependency;
			target = 6FEEF9D423D9109700A2C477 /* Flix */;
			targetProxy = 6FEEF9F723D9109900A2C477 /* PBXContainerItemProxy */;
		};
/* End PBXTargetDependency section */

/* Begin PBXVariantGroup section */
		6FEEF9DE23D9109700A2C477 /* Main.storyboard */ = {
			isa = PBXVariantGroup;
			children = (
				6FEEF9DF23D9109700A2C477 /* Base */,
			);
			name = Main.storyboard;
			sourceTree = "<group>";
		};
		6FEEF9E323D9109900A2C477 /* LaunchScreen.storyboard */ = {
			isa = PBXVariantGroup;
			children = (
				6FEEF9E423D9109900A2C477 /* Base */,
			);
			name = LaunchScreen.storyboard;
			sourceTree = "<group>";
		};
/* End PBXVariantGroup section */

/* Begin XCBuildConfiguration section */
		6FEEF9FD23D9109900A2C477 /* Debug */ = {
			isa = XCBuildConfiguration;
			buildSettings = {
				ALWAYS_SEARCH_USER_PATHS = NO;
				CLANG_ANALYZER_NONNULL = YES;
				CLANG_ANALYZER_NUMBER_OBJECT_CONVERSION = YES_AGGRESSIVE;
				CLANG_CXX_LANGUAGE_STANDARD = "gnu++14";
				CLANG_CXX_LIBRARY = "libc++";
				CLANG_ENABLE_MODULES = YES;
				CLANG_ENABLE_OBJC_ARC = YES;
				CLANG_ENABLE_OBJC_WEAK = YES;
				CLANG_WARN_BLOCK_CAPTURE_AUTORELEASING = YES;
				CLANG_WARN_BOOL_CONVERSION = YES;
				CLANG_WARN_COMMA = YES;
				CLANG_WARN_CONSTANT_CONVERSION = YES;
				CLANG_WARN_DEPRECATED_OBJC_IMPLEMENTATIONS = YES;
				CLANG_WARN_DIRECT_OBJC_ISA_USAGE = YES_ERROR;
				CLANG_WARN_DOCUMENTATION_COMMENTS = YES;
				CLANG_WARN_EMPTY_BODY = YES;
				CLANG_WARN_ENUM_CONVERSION = YES;
				CLANG_WARN_INFINITE_RECURSION = YES;
				CLANG_WARN_INT_CONVERSION = YES;
				CLANG_WARN_NON_LITERAL_NULL_CONVERSION = YES;
				CLANG_WARN_OBJC_IMPLICIT_RETAIN_SELF = YES;
				CLANG_WARN_OBJC_LITERAL_CONVERSION = YES;
				CLANG_WARN_OBJC_ROOT_CLASS = YES_ERROR;
				CLANG_WARN_RANGE_LOOP_ANALYSIS = YES;
				CLANG_WARN_STRICT_PROTOTYPES = YES;
				CLANG_WARN_SUSPICIOUS_MOVE = YES;
				CLANG_WARN_UNGUARDED_AVAILABILITY = YES_AGGRESSIVE;
				CLANG_WARN_UNREACHABLE_CODE = YES;
				CLANG_WARN__DUPLICATE_METHOD_MATCH = YES;
				COPY_PHASE_STRIP = NO;
				DEBUG_INFORMATION_FORMAT = dwarf;
				ENABLE_STRICT_OBJC_MSGSEND = YES;
				ENABLE_TESTABILITY = YES;
				GCC_C_LANGUAGE_STANDARD = gnu11;
				GCC_DYNAMIC_NO_PIC = NO;
				GCC_NO_COMMON_BLOCKS = YES;
				GCC_OPTIMIZATION_LEVEL = 0;
				GCC_PREPROCESSOR_DEFINITIONS = (
					"DEBUG=1",
					"$(inherited)",
				);
				GCC_WARN_64_TO_32_BIT_CONVERSION = YES;
				GCC_WARN_ABOUT_RETURN_TYPE = YES_ERROR;
				GCC_WARN_UNDECLARED_SELECTOR = YES;
				GCC_WARN_UNINITIALIZED_AUTOS = YES_AGGRESSIVE;
				GCC_WARN_UNUSED_FUNCTION = YES;
				GCC_WARN_UNUSED_VARIABLE = YES;
				IPHONEOS_DEPLOYMENT_TARGET = 13.2;
				MTL_ENABLE_DEBUG_INFO = INCLUDE_SOURCE;
				MTL_FAST_MATH = YES;
				ONLY_ACTIVE_ARCH = YES;
				SDKROOT = iphoneos;
				SWIFT_ACTIVE_COMPILATION_CONDITIONS = DEBUG;
				SWIFT_OPTIMIZATION_LEVEL = "-Onone";
			};
			name = Debug;
		};
		6FEEF9FE23D9109900A2C477 /* Release */ = {
			isa = XCBuildConfiguration;
			buildSettings = {
				ALWAYS_SEARCH_USER_PATHS = NO;
				CLANG_ANALYZER_NONNULL = YES;
				CLANG_ANALYZER_NUMBER_OBJECT_CONVERSION = YES_AGGRESSIVE;
				CLANG_CXX_LANGUAGE_STANDARD = "gnu++14";
				CLANG_CXX_LIBRARY = "libc++";
				CLANG_ENABLE_MODULES = YES;
				CLANG_ENABLE_OBJC_ARC = YES;
				CLANG_ENABLE_OBJC_WEAK = YES;
				CLANG_WARN_BLOCK_CAPTURE_AUTORELEASING = YES;
				CLANG_WARN_BOOL_CONVERSION = YES;
				CLANG_WARN_COMMA = YES;
				CLANG_WARN_CONSTANT_CONVERSION = YES;
				CLANG_WARN_DEPRECATED_OBJC_IMPLEMENTATIONS = YES;
				CLANG_WARN_DIRECT_OBJC_ISA_USAGE = YES_ERROR;
				CLANG_WARN_DOCUMENTATION_COMMENTS = YES;
				CLANG_WARN_EMPTY_BODY = YES;
				CLANG_WARN_ENUM_CONVERSION = YES;
				CLANG_WARN_INFINITE_RECURSION = YES;
				CLANG_WARN_INT_CONVERSION = YES;
				CLANG_WARN_NON_LITERAL_NULL_CONVERSION = YES;
				CLANG_WARN_OBJC_IMPLICIT_RETAIN_SELF = YES;
				CLANG_WARN_OBJC_LITERAL_CONVERSION = YES;
				CLANG_WARN_OBJC_ROOT_CLASS = YES_ERROR;
				CLANG_WARN_RANGE_LOOP_ANALYSIS = YES;
				CLANG_WARN_STRICT_PROTOTYPES = YES;
				CLANG_WARN_SUSPICIOUS_MOVE = YES;
				CLANG_WARN_UNGUARDED_AVAILABILITY = YES_AGGRESSIVE;
				CLANG_WARN_UNREACHABLE_CODE = YES;
				CLANG_WARN__DUPLICATE_METHOD_MATCH = YES;
				COPY_PHASE_STRIP = NO;
				DEBUG_INFORMATION_FORMAT = "dwarf-with-dsym";
				ENABLE_NS_ASSERTIONS = NO;
				ENABLE_STRICT_OBJC_MSGSEND = YES;
				GCC_C_LANGUAGE_STANDARD = gnu11;
				GCC_NO_COMMON_BLOCKS = YES;
				GCC_WARN_64_TO_32_BIT_CONVERSION = YES;
				GCC_WARN_ABOUT_RETURN_TYPE = YES_ERROR;
				GCC_WARN_UNDECLARED_SELECTOR = YES;
				GCC_WARN_UNINITIALIZED_AUTOS = YES_AGGRESSIVE;
				GCC_WARN_UNUSED_FUNCTION = YES;
				GCC_WARN_UNUSED_VARIABLE = YES;
				IPHONEOS_DEPLOYMENT_TARGET = 13.2;
				MTL_ENABLE_DEBUG_INFO = NO;
				MTL_FAST_MATH = YES;
				SDKROOT = iphoneos;
				SWIFT_COMPILATION_MODE = wholemodule;
				SWIFT_OPTIMIZATION_LEVEL = "-O";
				VALIDATE_PRODUCT = YES;
			};
			name = Release;
		};
		6FEEFA0023D9109900A2C477 /* Debug */ = {
			isa = XCBuildConfiguration;
			buildSettings = {
				ASSETCATALOG_COMPILER_APPICON_NAME = AppIcon;
				CODE_SIGN_STYLE = Automatic;
				DEVELOPMENT_TEAM = U939LZFA5K;
				INFOPLIST_FILE = Flix/Info.plist;
				LD_RUNPATH_SEARCH_PATHS = (
					"$(inherited)",
					"@executable_path/Frameworks",
				);
				PRODUCT_BUNDLE_IDENTIFIER = com.julianapaul.Flix;
				PRODUCT_NAME = "$(TARGET_NAME)";
				SWIFT_VERSION = 5.0;
				TARGETED_DEVICE_FAMILY = "1,2";
			};
			name = Debug;
		};
		6FEEFA0123D9109900A2C477 /* Release */ = {
			isa = XCBuildConfiguration;
			buildSettings = {
				ASSETCATALOG_COMPILER_APPICON_NAME = AppIcon;
				CODE_SIGN_STYLE = Automatic;
				DEVELOPMENT_TEAM = U939LZFA5K;
				INFOPLIST_FILE = Flix/Info.plist;
				LD_RUNPATH_SEARCH_PATHS = (
					"$(inherited)",
					"@executable_path/Frameworks",
				);
				PRODUCT_BUNDLE_IDENTIFIER = com.julianapaul.Flix;
				PRODUCT_NAME = "$(TARGET_NAME)";
				SWIFT_VERSION = 5.0;
				TARGETED_DEVICE_FAMILY = "1,2";
			};
			name = Release;
		};
		6FEEFA0323D9109900A2C477 /* Debug */ = {
			isa = XCBuildConfiguration;
			buildSettings = {
				ALWAYS_EMBED_SWIFT_STANDARD_LIBRARIES = YES;
				BUNDLE_LOADER = "$(TEST_HOST)";
				CODE_SIGN_STYLE = Automatic;
				DEVELOPMENT_TEAM = U939LZFA5K;
				INFOPLIST_FILE = FlixTests/Info.plist;
				IPHONEOS_DEPLOYMENT_TARGET = 13.2;
				LD_RUNPATH_SEARCH_PATHS = (
					"$(inherited)",
					"@executable_path/Frameworks",
					"@loader_path/Frameworks",
				);
				PRODUCT_BUNDLE_IDENTIFIER = com.julianapaul.FlixTests;
				PRODUCT_NAME = "$(TARGET_NAME)";
				SWIFT_VERSION = 5.0;
				TARGETED_DEVICE_FAMILY = "1,2";
				TEST_HOST = "$(BUILT_PRODUCTS_DIR)/Flix.app/Flix";
			};
			name = Debug;
		};
		6FEEFA0423D9109900A2C477 /* Release */ = {
			isa = XCBuildConfiguration;
			buildSettings = {
				ALWAYS_EMBED_SWIFT_STANDARD_LIBRARIES = YES;
				BUNDLE_LOADER = "$(TEST_HOST)";
				CODE_SIGN_STYLE = Automatic;
				DEVELOPMENT_TEAM = U939LZFA5K;
				INFOPLIST_FILE = FlixTests/Info.plist;
				IPHONEOS_DEPLOYMENT_TARGET = 13.2;
				LD_RUNPATH_SEARCH_PATHS = (
					"$(inherited)",
					"@executable_path/Frameworks",
					"@loader_path/Frameworks",
				);
				PRODUCT_BUNDLE_IDENTIFIER = com.julianapaul.FlixTests;
				PRODUCT_NAME = "$(TARGET_NAME)";
				SWIFT_VERSION = 5.0;
				TARGETED_DEVICE_FAMILY = "1,2";
				TEST_HOST = "$(BUILT_PRODUCTS_DIR)/Flix.app/Flix";
			};
			name = Release;
		};
		6FEEFA0623D9109900A2C477 /* Debug */ = {
			isa = XCBuildConfiguration;
			buildSettings = {
				ALWAYS_EMBED_SWIFT_STANDARD_LIBRARIES = YES;
				CODE_SIGN_STYLE = Automatic;
				DEVELOPMENT_TEAM = U939LZFA5K;
				INFOPLIST_FILE = FlixUITests/Info.plist;
				LD_RUNPATH_SEARCH_PATHS = (
					"$(inherited)",
					"@executable_path/Frameworks",
					"@loader_path/Frameworks",
				);
				PRODUCT_BUNDLE_IDENTIFIER = com.julianapaul.FlixUITests;
				PRODUCT_NAME = "$(TARGET_NAME)";
				SWIFT_VERSION = 5.0;
				TARGETED_DEVICE_FAMILY = "1,2";
				TEST_TARGET_NAME = Flix;
			};
			name = Debug;
		};
		6FEEFA0723D9109900A2C477 /* Release */ = {
			isa = XCBuildConfiguration;
			buildSettings = {
				ALWAYS_EMBED_SWIFT_STANDARD_LIBRARIES = YES;
				CODE_SIGN_STYLE = Automatic;
				DEVELOPMENT_TEAM = U939LZFA5K;
				INFOPLIST_FILE = FlixUITests/Info.plist;
				LD_RUNPATH_SEARCH_PATHS = (
					"$(inherited)",
					"@executable_path/Frameworks",
					"@loader_path/Frameworks",
				);
				PRODUCT_BUNDLE_IDENTIFIER = com.julianapaul.FlixUITests;
				PRODUCT_NAME = "$(TARGET_NAME)";
				SWIFT_VERSION = 5.0;
				TARGETED_DEVICE_FAMILY = "1,2";
				TEST_TARGET_NAME = Flix;
			};
			name = Release;
		};
/* End XCBuildConfiguration section */

/* Begin XCConfigurationList section */
		6FEEF9D023D9109700A2C477 /* Build configuration list for PBXProject "Flix" */ = {
			isa = XCConfigurationList;
			buildConfigurations = (
				6FEEF9FD23D9109900A2C477 /* Debug */,
				6FEEF9FE23D9109900A2C477 /* Release */,
			);
			defaultConfigurationIsVisible = 0;
			defaultConfigurationName = Release;
		};
		6FEEF9FF23D9109900A2C477 /* Build configuration list for PBXNativeTarget "Flix" */ = {
			isa = XCConfigurationList;
			buildConfigurations = (
				6FEEFA0023D9109900A2C477 /* Debug */,
				6FEEFA0123D9109900A2C477 /* Release */,
			);
			defaultConfigurationIsVisible = 0;
			defaultConfigurationName = Release;
		};
		6FEEFA0223D9109900A2C477 /* Build configuration list for PBXNativeTarget "FlixTests" */ = {
			isa = XCConfigurationList;
			buildConfigurations = (
				6FEEFA0323D9109900A2C477 /* Debug */,
				6FEEFA0423D9109900A2C477 /* Release */,
			);
			defaultConfigurationIsVisible = 0;
			defaultConfigurationName = Release;
		};
		6FEEFA0523D9109900A2C477 /* Build configuration list for PBXNativeTarget "FlixUITests" */ = {
			isa = XCConfigurationList;
			buildConfigurations = (
				6FEEFA0623D9109900A2C477 /* Debug */,
				6FEEFA0723D9109900A2C477 /* Release */,
			);
			defaultConfigurationIsVisible = 0;
			defaultConfigurationName = Release;
		};
/* End XCConfigurationList section */
	};
	rootObject = 6FEEF9CD23D9109700A2C477 /* Project object */;
}
